{
  "name": "leetcode",
  "version": "1.0.0",
  "lockfileVersion": 3,
  "requires": true,
  "packages": {
    "": {
      "name": "leetcode",
      "version": "1.0.0",
      "license": "ISC",
      "dependencies": {
        "stl-kit": "^5.1.1"
      }
    },
    "node_modules/stl-kit": {
      "version": "5.1.1",
      "resolved": "https://registry.npmjs.org/stl-kit/-/stl-kit-5.1.1.tgz",
      "integrity": "sha512-WMR96OoZryA1IT0tEITR3LAd3vVS7N2CgY/pduPdN0hSw0rC+DyivUVveteQK4ScpW8L8JHPpKVo/ase7CH4Dw==",
      "license": "MIT"
    }
  }
}
